results/M1/kraken/resultado.txt
results/M1/prokka/M1.gbk
results/M1/pileup/M1_abundance.txt
results/M1/maxbin
results/M1/megahit/final.contigs.fa
results/M1/trimmomatic/M1_forward_paired.fq.gz
results/M1/trimmomatic/M1_reverse_paired.fq.gz
/storage1/victor/speedypipe4meta/data/M1_1.fq.gz
/storage1/victor/speedypipe4meta/data/M1_2.fq.gz
results/bin/prokka/binaries/linux/tbl2asn
results/M1/megahit/final.contigs.fa
results/bin/bbmap/pileup.sh
results/M1/bowtie2/M1.sam
results/M1/megahit/final.contigs.fa
results/M1/trimmomatic/M1_forward_paired.fq.gz
results/M1/trimmomatic/M1_reverse_paired.fq.gz
results/M1/megahit/final.contigs.fa
results/M1/pileup/M1_abundance.txt
